// !$*UTF8*$!
{
	archiveVersion = 1;
	classes = {
	};
	objectVersion = 46;
	objects = {

/* Begin PBXBuildFile section */
		01FA3BF818BCE0970000DF8D /* Foundation.framework in Frameworks */ = {isa = PBXBuildFile; fileRef = 01FA3BF718BCE0970000DF8D /* Foundation.framework */; };
		01FA3BFA18BCE0970000DF8D /* CoreGraphics.framework in Frameworks */ = {isa = PBXBuildFile; fileRef = 01FA3BF918BCE0970000DF8D /* CoreGraphics.framework */; };
		01FA3BFC18BCE0970000DF8D /* UIKit.framework in Frameworks */ = {isa = PBXBuildFile; fileRef = 01FA3BFB18BCE0970000DF8D /* UIKit.framework */; };
		01FA3C0218BCE0970000DF8D /* InfoPlist.strings in Resources */ = {isa = PBXBuildFile; fileRef = 01FA3C0018BCE0970000DF8D /* InfoPlist.strings */; };
		01FA3C0418BCE0970000DF8D /* main.m in Sources */ = {isa = PBXBuildFile; fileRef = 01FA3C0318BCE0970000DF8D /* main.m */; };
		01FA3C0818BCE0970000DF8D /* SwipePlayerRootAppDelegate.m in Sources */ = {isa = PBXBuildFile; fileRef = 01FA3C0718BCE0970000DF8D /* SwipePlayerRootAppDelegate.m */; };
		01FA3C0B18BCE0970000DF8D /* Main.storyboard in Resources */ = {isa = PBXBuildFile; fileRef = 01FA3C0918BCE0970000DF8D /* Main.storyboard */; };
		01FA3C0E18BCE0970000DF8D /* SwipePlayerRootViewController.m in Sources */ = {isa = PBXBuildFile; fileRef = 01FA3C0D18BCE0970000DF8D /* SwipePlayerRootViewController.m */; };
		01FA3C1018BCE0970000DF8D /* Images.xcassets in Resources */ = {isa = PBXBuildFile; fileRef = 01FA3C0F18BCE0970000DF8D /* Images.xcassets */; };
		01FA3C1718BCE0980000DF8D /* XCTest.framework in Frameworks */ = {isa = PBXBuildFile; fileRef = 01FA3C1618BCE0980000DF8D /* XCTest.framework */; };
		01FA3C1818BCE0980000DF8D /* Foundation.framework in Frameworks */ = {isa = PBXBuildFile; fileRef = 01FA3BF718BCE0970000DF8D /* Foundation.framework */; };
		01FA3C1918BCE0980000DF8D /* UIKit.framework in Frameworks */ = {isa = PBXBuildFile; fileRef = 01FA3BFB18BCE0970000DF8D /* UIKit.framework */; };
		01FA3C2118BCE0980000DF8D /* InfoPlist.strings in Resources */ = {isa = PBXBuildFile; fileRef = 01FA3C1F18BCE0980000DF8D /* InfoPlist.strings */; };
		01FA3C2318BCE0980000DF8D /* Swipe_PlayerTests.m in Sources */ = {isa = PBXBuildFile; fileRef = 01FA3C2218BCE0980000DF8D /* Swipe_PlayerTests.m */; };
/* End PBXBuildFile section */

/* Begin PBXContainerItemProxy section */
		01FA3C1A18BCE0980000DF8D /* PBXContainerItemProxy */ = {
			isa = PBXContainerItemProxy;
			containerPortal = 01FA3BEC18BCE0970000DF8D /* Project object */;
			proxyType = 1;
			remoteGlobalIDString = 01FA3BF318BCE0970000DF8D;
			remoteInfo = "Swipe Player";
		};
/* End PBXContainerItemProxy section */

/* Begin PBXFileReference section */
		01FA3BF418BCE0970000DF8D /* Swipe Player.app */ = {isa = PBXFileReference; explicitFileType = wrapper.application; includeInIndex = 0; path = "Swipe Player.app"; sourceTree = BUILT_PRODUCTS_DIR; };
		01FA3BF718BCE0970000DF8D /* Foundation.framework */ = {isa = PBXFileReference; lastKnownFileType = wrapper.framework; name = Foundation.framework; path = System/Library/Frameworks/Foundation.framework; sourceTree = SDKROOT; };
		01FA3BF918BCE0970000DF8D /* CoreGraphics.framework */ = {isa = PBXFileReference; lastKnownFileType = wrapper.framework; name = CoreGraphics.framework; path = System/Library/Frameworks/CoreGraphics.framework; sourceTree = SDKROOT; };
		01FA3BFB18BCE0970000DF8D /* UIKit.framework */ = {isa = PBXFileReference; lastKnownFileType = wrapper.framework; name = UIKit.framework; path = System/Library/Frameworks/UIKit.framework; sourceTree = SDKROOT; };
		01FA3BFF18BCE0970000DF8D /* Swipe Player-Info.plist */ = {isa = PBXFileReference; lastKnownFileType = text.plist.xml; path = "Swipe Player-Info.plist"; sourceTree = "<group>"; };
		01FA3C0118BCE0970000DF8D /* en */ = {isa = PBXFileReference; lastKnownFileType = text.plist.strings; name = en; path = en.lproj/InfoPlist.strings; sourceTree = "<group>"; };
		01FA3C0318BCE0970000DF8D /* main.m */ = {isa = PBXFileReference; lastKnownFileType = sourcecode.c.objc; path = main.m; sourceTree = "<group>"; };
		01FA3C0518BCE0970000DF8D /* Swipe Player-Prefix.pch */ = {isa = PBXFileReference; lastKnownFileType = sourcecode.c.h; path = "Swipe Player-Prefix.pch"; sourceTree = "<group>"; };
		01FA3C0618BCE0970000DF8D /* SwipePlayerRootAppDelegate.h */ = {isa = PBXFileReference; lastKnownFileType = sourcecode.c.h; path = SwipePlayerRootAppDelegate.h; sourceTree = "<group>"; };
		01FA3C0718BCE0970000DF8D /* SwipePlayerRootAppDelegate.m */ = {isa = PBXFileReference; lastKnownFileType = sourcecode.c.objc; path = SwipePlayerRootAppDelegate.m; sourceTree = "<group>"; };
		01FA3C0A18BCE0970000DF8D /* Base */ = {isa = PBXFileReference; lastKnownFileType = file.storyboard; name = Base; path = Base.lproj/Main.storyboard; sourceTree = "<group>"; };
		01FA3C0C18BCE0970000DF8D /* SwipePlayerRootViewController.h */ = {isa = PBXFileReference; lastKnownFileType = sourcecode.c.h; path = SwipePlayerRootViewController.h; sourceTree = "<group>"; };
		01FA3C0D18BCE0970000DF8D /* SwipePlayerRootViewController.m */ = {isa = PBXFileReference; lastKnownFileType = sourcecode.c.objc; path = SwipePlayerRootViewController.m; sourceTree = "<group>"; };
		01FA3C0F18BCE0970000DF8D /* Images.xcassets */ = {isa = PBXFileReference; lastKnownFileType = folder.assetcatalog; path = Images.xcassets; sourceTree = "<group>"; };
		01FA3C1518BCE0980000DF8D /* Swipe PlayerTests.xctest */ = {isa = PBXFileReference; explicitFileType = wrapper.cfbundle; includeInIndex = 0; path = "Swipe PlayerTests.xctest"; sourceTree = BUILT_PRODUCTS_DIR; };
		01FA3C1618BCE0980000DF8D /* XCTest.framework */ = {isa = PBXFileReference; lastKnownFileType = wrapper.framework; name = XCTest.framework; path = Library/Frameworks/XCTest.framework; sourceTree = DEVELOPER_DIR; };
		01FA3C1E18BCE0980000DF8D /* Swipe PlayerTests-Info.plist */ = {isa = PBXFileReference; lastKnownFileType = text.plist.xml; path = "Swipe PlayerTests-Info.plist"; sourceTree = "<group>"; };
		01FA3C2018BCE0980000DF8D /* en */ = {isa = PBXFileReference; lastKnownFileType = text.plist.strings; name = en; path = en.lproj/InfoPlist.strings; sourceTree = "<group>"; };
		01FA3C2218BCE0980000DF8D /* Swipe_PlayerTests.m */ = {isa = PBXFileReference; lastKnownFileType = sourcecode.c.objc; path = Swipe_PlayerTests.m; sourceTree = "<group>"; };
/* End PBXFileReference section */

/* Begin PBXFrameworksBuildPhase section */
		01FA3BF118BCE0970000DF8D /* Frameworks */ = {
			isa = PBXFrameworksBuildPhase;
			buildActionMask = 2147483647;
			files = (
				01FA3BFA18BCE0970000DF8D /* CoreGraphics.framework in Frameworks */,
				01FA3BFC18BCE0970000DF8D /* UIKit.framework in Frameworks */,
				01FA3BF818BCE0970000DF8D /* Foundation.framework in Frameworks */,
			);
			runOnlyForDeploymentPostprocessing = 0;
		};
		01FA3C1218BCE0980000DF8D /* Frameworks */ = {
			isa = PBXFrameworksBuildPhase;
			buildActionMask = 2147483647;
			files = (
				01FA3C1718BCE0980000DF8D /* XCTest.framework in Frameworks */,
				01FA3C1918BCE0980000DF8D /* UIKit.framework in Frameworks */,
				01FA3C1818BCE0980000DF8D /* Foundation.framework in Frameworks */,
			);
			runOnlyForDeploymentPostprocessing = 0;
		};
/* End PBXFrameworksBuildPhase section */

/* Begin PBXGroup section */
		01FA3BEB18BCE0970000DF8D = {
			isa = PBXGroup;
			children = (
				01FA3BFD18BCE0970000DF8D /* Swipe Player */,
				01FA3C1C18BCE0980000DF8D /* Swipe PlayerTests */,
				01FA3BF618BCE0970000DF8D /* Frameworks */,
				01FA3BF518BCE0970000DF8D /* Products */,
			);
			sourceTree = "<group>";
		};
		01FA3BF518BCE0970000DF8D /* Products */ = {
			isa = PBXGroup;
			children = (
				01FA3BF418BCE0970000DF8D /* Swipe Player.app */,
				01FA3C1518BCE0980000DF8D /* Swipe PlayerTests.xctest */,
			);
			name = Products;
			sourceTree = "<group>";
		};
		01FA3BF618BCE0970000DF8D /* Frameworks */ = {
			isa = PBXGroup;
			children = (
				01FA3BF718BCE0970000DF8D /* Foundation.framework */,
				01FA3BF918BCE0970000DF8D /* CoreGraphics.framework */,
				01FA3BFB18BCE0970000DF8D /* UIKit.framework */,
				01FA3C1618BCE0980000DF8D /* XCTest.framework */,
			);
			name = Frameworks;
			sourceTree = "<group>";
		};
		01FA3BFD18BCE0970000DF8D /* Swipe Player */ = {
			isa = PBXGroup;
			children = (
				01FA3C0618BCE0970000DF8D /* SwipePlayerRootAppDelegate.h */,
				01FA3C0718BCE0970000DF8D /* SwipePlayerRootAppDelegate.m */,
				01FA3C0918BCE0970000DF8D /* Main.storyboard */,
				01FA3C0C18BCE0970000DF8D /* SwipePlayerRootViewController.h */,
				01FA3C0D18BCE0970000DF8D /* SwipePlayerRootViewController.m */,
				01FA3C0F18BCE0970000DF8D /* Images.xcassets */,
				01FA3BFE18BCE0970000DF8D /* Supporting Files */,
			);
			path = "Swipe Player";
			sourceTree = "<group>";
		};
		01FA3BFE18BCE0970000DF8D /* Supporting Files */ = {
			isa = PBXGroup;
			children = (
				01FA3BFF18BCE0970000DF8D /* Swipe Player-Info.plist */,
				01FA3C0018BCE0970000DF8D /* InfoPlist.strings */,
				01FA3C0318BCE0970000DF8D /* main.m */,
				01FA3C0518BCE0970000DF8D /* Swipe Player-Prefix.pch */,
			);
			name = "Supporting Files";
			sourceTree = "<group>";
		};
		01FA3C1C18BCE0980000DF8D /* Swipe PlayerTests */ = {
			isa = PBXGroup;
			children = (
				01FA3C2218BCE0980000DF8D /* Swipe_PlayerTests.m */,
				01FA3C1D18BCE0980000DF8D /* Supporting Files */,
			);
			path = "Swipe PlayerTests";
			sourceTree = "<group>";
		};
		01FA3C1D18BCE0980000DF8D /* Supporting Files */ = {
			isa = PBXGroup;
			children = (
				01FA3C1E18BCE0980000DF8D /* Swipe PlayerTests-Info.plist */,
				01FA3C1F18BCE0980000DF8D /* InfoPlist.strings */,
			);
			name = "Supporting Files";
			sourceTree = "<group>";
		};
/* End PBXGroup section */

/* Begin PBXNativeTarget section */
		01FA3BF318BCE0970000DF8D /* Swipe Player */ = {
			isa = PBXNativeTarget;
			buildConfigurationList = 01FA3C2618BCE0980000DF8D /* Build configuration list for PBXNativeTarget "Swipe Player" */;
			buildPhases = (
				01FA3BF018BCE0970000DF8D /* Sources */,
				01FA3BF118BCE0970000DF8D /* Frameworks */,
				01FA3BF218BCE0970000DF8D /* Resources */,
			);
			buildRules = (
			);
			dependencies = (
			);
			name = "Swipe Player";
			productName = "Swipe Player";
			productReference = 01FA3BF418BCE0970000DF8D /* Swipe Player.app */;
			productType = "com.apple.product-type.application";
		};
		01FA3C1418BCE0980000DF8D /* Swipe PlayerTests */ = {
			isa = PBXNativeTarget;
			buildConfigurationList = 01FA3C2918BCE0980000DF8D /* Build configuration list for PBXNativeTarget "Swipe PlayerTests" */;
			buildPhases = (
				01FA3C1118BCE0980000DF8D /* Sources */,
				01FA3C1218BCE0980000DF8D /* Frameworks */,
				01FA3C1318BCE0980000DF8D /* Resources */,
			);
			buildRules = (
			);
			dependencies = (
				01FA3C1B18BCE0980000DF8D /* PBXTargetDependency */,
			);
			name = "Swipe PlayerTests";
			productName = "Swipe PlayerTests";
			productReference = 01FA3C1518BCE0980000DF8D /* Swipe PlayerTests.xctest */;
			productType = "com.apple.product-type.bundle.unit-test";
		};
/* End PBXNativeTarget section */

/* Begin PBXProject section */
		01FA3BEC18BCE0970000DF8D /* Project object */ = {
			isa = PBXProject;
			attributes = {
				CLASSPREFIX = SwipePlayerRoot;
				LastUpgradeCheck = 0500;
				ORGANIZATIONNAME = CLA;
				TargetAttributes = {
					01FA3C1418BCE0980000DF8D = {
						TestTargetID = 01FA3BF318BCE0970000DF8D;
					};
				};
			};
			buildConfigurationList = 01FA3BEF18BCE0970000DF8D /* Build configuration list for PBXProject "Swipe Player" */;
			compatibilityVersion = "Xcode 3.2";
			developmentRegion = English;
			hasScannedForEncodings = 0;
			knownRegions = (
				en,
				Base,
			);
			mainGroup = 01FA3BEB18BCE0970000DF8D;
			productRefGroup = 01FA3BF518BCE0970000DF8D /* Products */;
			projectDirPath = "";
			projectRoot = "";
			targets = (
				01FA3BF318BCE0970000DF8D /* Swipe Player */,
				01FA3C1418BCE0980000DF8D /* Swipe PlayerTests */,
			);
		};
/* End PBXProject section */

/* Begin PBXResourcesBuildPhase section */
		01FA3BF218BCE0970000DF8D /* Resources */ = {
			isa = PBXResourcesBuildPhase;
			buildActionMask = 2147483647;
			files = (
				01FA3C1018BCE0970000DF8D /* Images.xcassets in Resources */,
				01FA3C0218BCE0970000DF8D /* InfoPlist.strings in Resources */,
				01FA3C0B18BCE0970000DF8D /* Main.storyboard in Resources */,
			);
			runOnlyForDeploymentPostprocessing = 0;
		};
		01FA3C1318BCE0980000DF8D /* Resources */ = {
			isa = PBXResourcesBuildPhase;
			buildActionMask = 2147483647;
			files = (
				01FA3C2118BCE0980000DF8D /* InfoPlist.strings in Resources */,
			);
			runOnlyForDeploymentPostprocessing = 0;
		};
/* End PBXResourcesBuildPhase section */

/* Begin PBXSourcesBuildPhase section */
		01FA3BF018BCE0970000DF8D /* Sources */ = {
			isa = PBXSourcesBuildPhase;
			buildActionMask = 2147483647;
			files = (
				01FA3C0E18BCE0970000DF8D /* SwipePlayerRootViewController.m in Sources */,
				01FA3C0818BCE0970000DF8D /* SwipePlayerRootAppDelegate.m in Sources */,
				01FA3C0418BCE0970000DF8D /* main.m in Sources */,
			);
			runOnlyForDeploymentPostprocessing = 0;
		};
		01FA3C1118BCE0980000DF8D /* Sources */ = {
			isa = PBXSourcesBuildPhase;
			buildActionMask = 2147483647;
			files = (
				01FA3C2318BCE0980000DF8D /* Swipe_PlayerTests.m in Sources */,
			);
			runOnlyForDeploymentPostprocessing = 0;
		};
/* End PBXSourcesBuildPhase section */

/* Begin PBXTargetDependency section */
		01FA3C1B18BCE0980000DF8D /* PBXTargetDependency */ = {
			isa = PBXTargetDependency;
			target = 01FA3BF318BCE0970000DF8D /* Swipe Player */;
			targetProxy = 01FA3C1A18BCE0980000DF8D /* PBXContainerItemProxy */;
		};
/* End PBXTargetDependency section */

/* Begin PBXVariantGroup section */
		01FA3C0018BCE0970000DF8D /* InfoPlist.strings */ = {
			isa = PBXVariantGroup;
			children = (
				01FA3C0118BCE0970000DF8D /* en */,
			);
			name = InfoPlist.strings;
			sourceTree = "<group>";
		};
		01FA3C0918BCE0970000DF8D /* Main.storyboard */ = {
			isa = PBXVariantGroup;
			children = (
				01FA3C0A18BCE0970000DF8D /* Base */,
			);
			name = Main.storyboard;
			sourceTree = "<group>";
		};
		01FA3C1F18BCE0980000DF8D /* InfoPlist.strings */ = {
			isa = PBXVariantGroup;
			children = (
				01FA3C2018BCE0980000DF8D /* en */,
			);
			name = InfoPlist.strings;
			sourceTree = "<group>";
		};
/* End PBXVariantGroup section */

/* Begin XCBuildConfiguration section */
		01FA3C2418BCE0980000DF8D /* Debug */ = {
			isa = XCBuildConfiguration;
			buildSettings = {
				ALWAYS_SEARCH_USER_PATHS = NO;
				ARCHS = "$(ARCHS_STANDARD_INCLUDING_64_BIT)";
				CLANG_CXX_LANGUAGE_STANDARD = "gnu++0x";
				CLANG_CXX_LIBRARY = "libc++";
				CLANG_ENABLE_MODULES = YES;
				CLANG_ENABLE_OBJC_ARC = YES;
				CLANG_WARN_BOOL_CONVERSION = YES;
				CLANG_WARN_CONSTANT_CONVERSION = YES;
				CLANG_WARN_DIRECT_OBJC_ISA_USAGE = YES_ERROR;
				CLANG_WARN_EMPTY_BODY = YES;
				CLANG_WARN_ENUM_CONVERSION = YES;
				CLANG_WARN_INT_CONVERSION = YES;
				CLANG_WARN_OBJC_ROOT_CLASS = YES_ERROR;
				CLANG_WARN__DUPLICATE_METHOD_MATCH = YES;
				"CODE_SIGN_IDENTITY[sdk=iphoneos*]" = "iPhone Developer";
				COPY_PHASE_STRIP = NO;
				GCC_C_LANGUAGE_STANDARD = gnu99;
				GCC_DYNAMIC_NO_PIC = NO;
				GCC_OPTIMIZATION_LEVEL = 0;
				GCC_PREPROCESSOR_DEFINITIONS = (
					"DEBUG=1",
					"$(inherited)",
				);
				GCC_SYMBOLS_PRIVATE_EXTERN = NO;
				GCC_WARN_64_TO_32_BIT_CONVERSION = YES;
				GCC_WARN_ABOUT_RETURN_TYPE = YES_ERROR;
				GCC_WARN_UNDECLARED_SELECTOR = YES;
				GCC_WARN_UNINITIALIZED_AUTOS = YES;
				GCC_WARN_UNUSED_FUNCTION = YES;
				GCC_WARN_UNUSED_VARIABLE = YES;
				IPHONEOS_DEPLOYMENT_TARGET = 7.0;
				ONLY_ACTIVE_ARCH = YES;
				SDKROOT = iphoneos;
			};
			name = Debug;
		};
		01FA3C2518BCE0980000DF8D /* Release */ = {
			isa = XCBuildConfiguration;
			buildSettings = {
				ALWAYS_SEARCH_USER_PATHS = NO;
				ARCHS = "$(ARCHS_STANDARD_INCLUDING_64_BIT)";
				CLANG_CXX_LANGUAGE_STANDARD = "gnu++0x";
				CLANG_CXX_LIBRARY = "libc++";
				CLANG_ENABLE_MODULES = YES;
				CLANG_ENABLE_OBJC_ARC = YES;
				CLANG_WARN_BOOL_CONVERSION = YES;
				CLANG_WARN_CONSTANT_CONVERSION = YES;
				CLANG_WARN_DIRECT_OBJC_ISA_USAGE = YES_ERROR;
				CLANG_WARN_EMPTY_BODY = YES;
				CLANG_WARN_ENUM_CONVERSION = YES;
				CLANG_WARN_INT_CONVERSION = YES;
				CLANG_WARN_OBJC_ROOT_CLASS = YES_ERROR;
				CLANG_WARN__DUPLICATE_METHOD_MATCH = YES;
				"CODE_SIGN_IDENTITY[sdk=iphoneos*]" = "iPhone Developer";
				COPY_PHASE_STRIP = YES;
				ENABLE_NS_ASSERTIONS = NO;
				GCC_C_LANGUAGE_STANDARD = gnu99;
				GCC_WARN_64_TO_32_BIT_CONVERSION = YES;
				GCC_WARN_ABOUT_RETURN_TYPE = YES_ERROR;
				GCC_WARN_UNDECLARED_SELECTOR = YES;
				GCC_WARN_UNINITIALIZED_AUTOS = YES;
				GCC_WARN_UNUSED_FUNCTION = YES;
				GCC_WARN_UNUSED_VARIABLE = YES;
				IPHONEOS_DEPLOYMENT_TARGET = 7.0;
				SDKROOT = iphoneos;
				VALIDATE_PRODUCT = YES;
			};
			name = Release;
		};
		01FA3C2718BCE0980000DF8D /* Debug */ = {
			isa = XCBuildConfiguration;
			buildSettings = {
				ASSETCATALOG_COMPILER_APPICON_NAME = AppIcon;
				ASSETCATALOG_COMPILER_LAUNCHIMAGE_NAME = LaunchImage;
				GCC_PRECOMPILE_PREFIX_HEADER = YES;
				GCC_PREFIX_HEADER = "Swipe Player/Swipe Player-Prefix.pch";
				INFOPLIST_FILE = "Swipe Player/Swipe Player-Info.plist";
				PRODUCT_NAME = "$(TARGET_NAME)";
				WRAPPER_EXTENSION = app;
			};
			name = Debug;
		};
		01FA3C2818BCE0980000DF8D /* Release */ = {
			isa = XCBuildConfiguration;
			buildSettings = {
				ASSETCATALOG_COMPILER_APPICON_NAME = AppIcon;
				ASSETCATALOG_COMPILER_LAUNCHIMAGE_NAME = LaunchImage;
				GCC_PRECOMPILE_PREFIX_HEADER = YES;
				GCC_PREFIX_HEADER = "Swipe Player/Swipe Player-Prefix.pch";
				INFOPLIST_FILE = "Swipe Player/Swipe Player-Info.plist";
				PRODUCT_NAME = "$(TARGET_NAME)";
				WRAPPER_EXTENSION = app;
			};
			name = Release;
		};
		01FA3C2A18BCE0980000DF8D /* Debug */ = {
			isa = XCBuildConfiguration;
			buildSettings = {
				ARCHS = "$(ARCHS_STANDARD_INCLUDING_64_BIT)";
				BUNDLE_LOADER = "$(BUILT_PRODUCTS_DIR)/Swipe Player.app/Swipe Player";
				FRAMEWORK_SEARCH_PATHS = (
					"$(SDKROOT)/Developer/Library/Frameworks",
					"$(inherited)",
					"$(DEVELOPER_FRAMEWORKS_DIR)",
				);
				GCC_PRECOMPILE_PREFIX_HEADER = YES;
				GCC_PREFIX_HEADER = "Swipe Player/Swipe Player-Prefix.pch";
				GCC_PREPROCESSOR_DEFINITIONS = (
					"DEBUG=1",
					"$(inherited)",
				);
				INFOPLIST_FILE = "Swipe PlayerTests/Swipe PlayerTests-Info.plist";
				PRODUCT_NAME = "$(TARGET_NAME)";
				TEST_HOST = "$(BUNDLE_LOADER)";
				WRAPPER_EXTENSION = xctest;
			};
			name = Debug;
		};
		01FA3C2B18BCE0980000DF8D /* Release */ = {
			isa = XCBuildConfiguration;
			buildSettings = {
				ARCHS = "$(ARCHS_STANDARD_INCLUDING_64_BIT)";
				BUNDLE_LOADER = "$(BUILT_PRODUCTS_DIR)/Swipe Player.app/Swipe Player";
				FRAMEWORK_SEARCH_PATHS = (
					"$(SDKROOT)/Developer/Library/Frameworks",
					"$(inherited)",
					"$(DEVELOPER_FRAMEWORKS_DIR)",
				);
				GCC_PRECOMPILE_PREFIX_HEADER = YES;
				GCC_PREFIX_HEADER = "Swipe Player/Swipe Player-Prefix.pch";
				INFOPLIST_FILE = "Swipe PlayerTests/Swipe PlayerTests-Info.plist";
				PRODUCT_NAME = "$(TARGET_NAME)";
				TEST_HOST = "$(BUNDLE_LOADER)";
				WRAPPER_EXTENSION = xctest;
			};
			name = Release;
		};
/* End XCBuildConfiguration section */

/* Begin XCConfigurationList section */
		01FA3BEF18BCE0970000DF8D /* Build configuration list for PBXProject "Swipe Player" */ = {
			isa = XCConfigurationList;
			buildConfigurations = (
				01FA3C2418BCE0980000DF8D /* Debug */,
				01FA3C2518BCE0980000DF8D /* Release */,
			);
			defaultConfigurationIsVisible = 0;
			defaultConfigurationName = Release;
		};
		01FA3C2618BCE0980000DF8D /* Build configuration list for PBXNativeTarget "Swipe Player" */ = {
			isa = XCConfigurationList;
			buildConfigurations = (
				01FA3C2718BCE0980000DF8D /* Debug */,
				01FA3C2818BCE0980000DF8D /* Release */,
			);
			defaultConfigurationIsVisible = 0;
		};
		01FA3C2918BCE0980000DF8D /* Build configuration list for PBXNativeTarget "Swipe PlayerTests" */ = {
			isa = XCConfigurationList;
			buildConfigurations = (
				01FA3C2A18BCE0980000DF8D /* Debug */,
				01FA3C2B18BCE0980000DF8D /* Release */,
			);
			defaultConfigurationIsVisible = 0;
		};
/* End XCConfigurationList section */
	};
	rootObject = 01FA3BEC18BCE0970000DF8D /* Project object */;
}
